Microsoft Visual Studio Solution File, Format Version 12.00
# Visual Studio Version 17
VisualStudioVersion = 17.12.35521.163
MinimumVisualStudioVersion = 10.0.40219.1
Project("{9A19103F-16F7-4668-BE54-9A1E7A4F7556}") = "CSCodeGen.TemplateDesinger", "CSCodeGen.UI\CSCodeGen.TemplateDesinger.csproj", "{6756E006-1B12-4749-BDF1-2C496A13843E}"
EndProject
Project("{FAE04EC0-301F-11D3-BF4B-00C04F79EFBC}") = "CSCodeGen.DataAccess", "CSCodeGen.DataAccess\CSCodeGen.DataAccess.csproj", "{FBA7A346-8394-C0E4-79DA-F916822FC4A6}"
EndProject
Project("{FAE04EC0-301F-11D3-BF4B-00C04F79EFBC}") = "CSCodeGenApp.CodeGen", "CSCodeGenApp.CodeGen\CSCodeGenApp.CodeGen.csproj", "{84928BCE-985A-EAB4-73D1-E18CE4AC5368}"
EndProject
Project("{FAE04EC0-301F-11D3-BF4B-00C04F79EFBC}") = "CSCodeGen.Model", "CSCodeGen.Model\CSCodeGen.Model.csproj", "{2B6E39C7-DC0A-498C-A577-5920F2EF2526}"
EndProject
Project("{FAE04EC0-301F-11D3-BF4B-00C04F79EFBC}") = "CSCodeGen.Logik", "CSCodeGen.Logik\CSCodeGen.Logik.csproj", "{D7F16992-998A-A49B-6FC8-C09650E73D12}"
EndProject
Project("{2150E333-8FDC-42A3-9474-1A3956D46DE8}") = "Forms", "Forms", "{02EA681E-C7D8-13C7-8484-4AC65E1B71E8}"
EndProject
Project("{2150E333-8FDC-42A3-9474-1A3956D46DE8}") = "Library", "Library", "{56B695BF-3AA6-4E89-A7C5-C1653252D153}"
EndProject
Global
	GlobalSection(SolutionConfigurationPlatforms) = preSolution
		Debug|Any CPU = Debug|Any CPU
		Release|Any CPU = Release|Any CPU
	EndGlobalSection
	GlobalSection(ProjectConfigurationPlatforms) = postSolution
		{6756E006-1B12-4749-BDF1-2C496A13843E}.Debug|Any CPU.ActiveCfg = Debug|Any CPU
		{6756E006-1B12-4749-BDF1-2C496A13843E}.Debug|Any CPU.Build.0 = Debug|Any CPU
		{6756E006-1B12-4749-BDF1-2C496A13843E}.Release|Any CPU.ActiveCfg = Release|Any CPU
		{6756E006-1B12-4749-BDF1-2C496A13843E}.Release|Any CPU.Build.0 = Release|Any CPU
		{FBA7A346-8394-C0E4-79DA-F916822FC4A6}.Debug|Any CPU.ActiveCfg = Debug|Any CPU
		{FBA7A346-8394-C0E4-79DA-F916822FC4A6}.Debug|Any CPU.Build.0 = Debug|Any CPU
		{FBA7A346-8394-C0E4-79DA-F916822FC4A6}.Release|Any CPU.ActiveCfg = Release|Any CPU
		{FBA7A346-8394-C0E4-79DA-F916822FC4A6}.Release|Any CPU.Build.0 = Release|Any CPU
		{84928BCE-985A-EAB4-73D1-E18CE4AC5368}.Debug|Any CPU.ActiveCfg = Debug|Any CPU
		{84928BCE-985A-EAB4-73D1-E18CE4AC5368}.Debug|Any CPU.Build.0 = Debug|Any CPU
		{84928BCE-985A-EAB4-73D1-E18CE4AC5368}.Release|Any CPU.ActiveCfg = Release|Any CPU
		{84928BCE-985A-EAB4-73D1-E18CE4AC5368}.Release|Any CPU.Build.0 = Release|Any CPU
		{2B6E39C7-DC0A-498C-A577-5920F2EF2526}.Debug|Any CPU.ActiveCfg = Debug|Any CPU
		{2B6E39C7-DC0A-498C-A577-5920F2EF2526}.Debug|Any CPU.Build.0 = Debug|Any CPU
		{2B6E39C7-DC0A-498C-A577-5920F2EF2526}.Release|Any CPU.ActiveCfg = Release|Any CPU
		{2B6E39C7-DC0A-498C-A577-5920F2EF2526}.Release|Any CPU.Build.0 = Release|Any CPU
		{D7F16992-998A-A49B-6FC8-C09650E73D12}.Debug|Any CPU.ActiveCfg = Debug|Any CPU
		{D7F16992-998A-A49B-6FC8-C09650E73D12}.Debug|Any CPU.Build.0 = Debug|Any CPU
		{D7F16992-998A-A49B-6FC8-C09650E73D12}.Release|Any CPU.ActiveCfg = Release|Any CPU
		{D7F16992-998A-A49B-6FC8-C09650E73D12}.Release|Any CPU.Build.0 = Release|Any CPU
	EndGlobalSection
	GlobalSection(SolutionProperties) = preSolution
		HideSolutionNode = FALSE
	EndGlobalSection
	GlobalSection(NestedProjects) = preSolution
		{6756E006-1B12-4749-BDF1-2C496A13843E} = {02EA681E-C7D8-13C7-8484-4AC65E1B71E8}
		{FBA7A346-8394-C0E4-79DA-F916822FC4A6} = {56B695BF-3AA6-4E89-A7C5-C1653252D153}
		{84928BCE-985A-EAB4-73D1-E18CE4AC5368} = {02EA681E-C7D8-13C7-8484-4AC65E1B71E8}
		{2B6E39C7-DC0A-498C-A577-5920F2EF2526} = {56B695BF-3AA6-4E89-A7C5-C1653252D153}
		{D7F16992-998A-A49B-6FC8-C09650E73D12} = {56B695BF-3AA6-4E89-A7C5-C1653252D153}
	EndGlobalSection
	GlobalSection(ExtensibilityGlobals) = postSolution
		SolutionGuid = {D7525046-7361-4FAF-BA44-4FE68B859721}
	EndGlobalSection
EndGlobal
